
Microsoft Visual Studio Solution File, Format Version 12.00
# Visual Studio Version 16
VisualStudioVersion = 16.0.31911.196
MinimumVisualStudioVersion = 10.0.40219.1
Project("{FAE04EC0-301F-11D3-BF4B-00C04F79EFBC}") = "ListaTelefonica", "ListaTelefonica\ListaTelefonica.csproj", "{A5B4B2CC-BAD4-4B2A-884A-7AB9B78AD05B}"
EndProject
Global
	GlobalSection(SolutionConfigurationPlatforms) = preSolution
		Debug|Any CPU = Debug|Any CPU
		Release|Any CPU = Release|Any CPU
	EndGlobalSection
	GlobalSection(ProjectConfigurationPlatforms) = postSolution
		{A5B4B2CC-BAD4-4B2A-884A-7AB9B78AD05B}.Debug|Any CPU.ActiveCfg = Debug|Any CPU
		{A5B4B2CC-BAD4-4B2A-884A-7AB9B78AD05B}.Debug|Any CPU.Build.0 = Debug|Any CPU
		{A5B4B2CC-BAD4-4B2A-884A-7AB9B78AD05B}.Release|Any CPU.ActiveCfg = Release|Any CPU
		{A5B4B2CC-BAD4-4B2A-884A-7AB9B78AD05B}.Release|Any CPU.Build.0 = Release|Any CPU
	EndGlobalSection
	GlobalSection(SolutionProperties) = preSolution
		HideSolutionNode = FALSE
	EndGlobalSection
	GlobalSection(ExtensibilityGlobals) = postSolution
		SolutionGuid = {EB6EC628-5166-42E8-ABCE-9C60C3B8D6C9}
	EndGlobalSection
EndGlobal
